
Microsoft Visual Studio Solution File, Format Version 12.00
# Visual Studio 14
VisualStudioVersion = 14.0.25420.1
MinimumVisualStudioVersion = 10.0.40219.1
Project("{FAE04EC0-301F-11D3-BF4B-00C04F79EFBC}") = "SilverlightApplication1", "SilverlightApplication1\SilverlightApplication1.csproj", "{842F7A62-A0E3-4B18-837E-155CA167D513}"
EndProject
Project("{FAE04EC0-301F-11D3-BF4B-00C04F79EFBC}") = "SilverlightApplication1.Web", "SilverlightApplication1.Web\SilverlightApplication1.Web.csproj", "{F5B520B1-798B-4CDA-B42E-3786260725F0}"
EndProject
Project("{FAE04EC0-301F-11D3-BF4B-00C04F79EFBC}") = "Windows8App", "Windows8App\Windows8App.csproj", "{27761404-253D-49A1-8F5A-0BBB4D24C512}"
EndProject
Project("{FAE04EC0-301F-11D3-BF4B-00C04F79EFBC}") = "WpfClient", "WpfClient\WpfClient.csproj", "{1CE6A6DA-3F5F-407F-ADB0-F4BD074AA571}"
EndProject
Project("{FAE04EC0-301F-11D3-BF4B-00C04F79EFBC}") = "OpenRiaServices.DomainServices.PortableWeb", "OpenRiaServices.DomainServices.PortableWeb\OpenRiaServices.DomainServices.PortableWeb.csproj", "{EFF65711-AF05-4939-86D6-2BBBFB24DC04}"
EndProject
Project("{FAE04EC0-301F-11D3-BF4B-00C04F79EFBC}") = "XamarinXamlApp", "XamarinXamlApp\XamarinXamlApp\XamarinXamlApp.csproj", "{77D919DC-BBA4-45C0-9430-5FF43CBAB4FF}"
EndProject
Project("{FAE04EC0-301F-11D3-BF4B-00C04F79EFBC}") = "XamarinXamlApp.Droid", "XamarinXamlApp\XamarinXamlApp.Droid\XamarinXamlApp.Droid.csproj", "{CA6CE63B-3FEE-40DB-8CC1-562E0AD314F4}"
EndProject
Project("{FAE04EC0-301F-11D3-BF4B-00C04F79EFBC}") = "XamarinXamlApp.Windows", "XamarinXamlApp\XamarinXamlApp.Windows\XamarinXamlApp.Windows.csproj", "{1DB85663-F0BE-4F66-BFAC-B6512BB36F03}"
EndProject
Project("{FAE04EC0-301F-11D3-BF4B-00C04F79EFBC}") = "XamarinXamlApp.iOS", "XamarinXamlApp\XamarinXamlApp.iOS\XamarinXamlApp.iOS.csproj", "{C5C154CB-929F-4EBA-9151-66EA2ADB5D07}"
EndProject
Global
	GlobalSection(SolutionConfigurationPlatforms) = preSolution
		Ad-Hoc|Any CPU = Ad-Hoc|Any CPU
		Ad-Hoc|ARM = Ad-Hoc|ARM
		Ad-Hoc|iPhone = Ad-Hoc|iPhone
		Ad-Hoc|iPhoneSimulator = Ad-Hoc|iPhoneSimulator
		Ad-Hoc|x64 = Ad-Hoc|x64
		Ad-Hoc|x86 = Ad-Hoc|x86
		AppStore|Any CPU = AppStore|Any CPU
		AppStore|ARM = AppStore|ARM
		AppStore|iPhone = AppStore|iPhone
		AppStore|iPhoneSimulator = AppStore|iPhoneSimulator
		AppStore|x64 = AppStore|x64
		AppStore|x86 = AppStore|x86
		Debug|Any CPU = Debug|Any CPU
		Debug|ARM = Debug|ARM
		Debug|iPhone = Debug|iPhone
		Debug|iPhoneSimulator = Debug|iPhoneSimulator
		Debug|x64 = Debug|x64
		Debug|x86 = Debug|x86
		Release|Any CPU = Release|Any CPU
		Release|ARM = Release|ARM
		Release|iPhone = Release|iPhone
		Release|iPhoneSimulator = Release|iPhoneSimulator
		Release|x64 = Release|x64
		Release|x86 = Release|x86
	EndGlobalSection
	GlobalSection(ProjectConfigurationPlatforms) = postSolution
		{842F7A62-A0E3-4B18-837E-155CA167D513}.Ad-Hoc|Any CPU.ActiveCfg = Release|Any CPU
		{842F7A62-A0E3-4B18-837E-155CA167D513}.Ad-Hoc|Any CPU.Build.0 = Release|Any CPU
		{842F7A62-A0E3-4B18-837E-155CA167D513}.Ad-Hoc|ARM.ActiveCfg = Release|Any CPU
		{842F7A62-A0E3-4B18-837E-155CA167D513}.Ad-Hoc|ARM.Build.0 = Release|Any CPU
		{842F7A62-A0E3-4B18-837E-155CA167D513}.Ad-Hoc|iPhone.ActiveCfg = Release|Any CPU
		{842F7A62-A0E3-4B18-837E-155CA167D513}.Ad-Hoc|iPhone.Build.0 = Release|Any CPU
		{842F7A62-A0E3-4B18-837E-155CA167D513}.Ad-Hoc|iPhoneSimulator.ActiveCfg = Release|Any CPU
		{842F7A62-A0E3-4B18-837E-155CA167D513}.Ad-Hoc|iPhoneSimulator.Build.0 = Release|Any CPU
		{842F7A62-A0E3-4B18-837E-155CA167D513}.Ad-Hoc|x64.ActiveCfg = Release|Any CPU
		{842F7A62-A0E3-4B18-837E-155CA167D513}.Ad-Hoc|x64.Build.0 = Release|Any CPU
		{842F7A62-A0E3-4B18-837E-155CA167D513}.Ad-Hoc|x86.ActiveCfg = Release|Any CPU
		{842F7A62-A0E3-4B18-837E-155CA167D513}.Ad-Hoc|x86.Build.0 = Release|Any CPU
		{842F7A62-A0E3-4B18-837E-155CA167D513}.AppStore|Any CPU.ActiveCfg = Release|Any CPU
		{842F7A62-A0E3-4B18-837E-155CA167D513}.AppStore|Any CPU.Build.0 = Release|Any CPU
		{842F7A62-A0E3-4B18-837E-155CA167D513}.AppStore|ARM.ActiveCfg = Release|Any CPU
		{842F7A62-A0E3-4B18-837E-155CA167D513}.AppStore|ARM.Build.0 = Release|Any CPU
		{842F7A62-A0E3-4B18-837E-155CA167D513}.AppStore|iPhone.ActiveCfg = Release|Any CPU
		{842F7A62-A0E3-4B18-837E-155CA167D513}.AppStore|iPhone.Build.0 = Release|Any CPU
		{842F7A62-A0E3-4B18-837E-155CA167D513}.AppStore|iPhoneSimulator.ActiveCfg = Release|Any CPU
		{842F7A62-A0E3-4B18-837E-155CA167D513}.AppStore|iPhoneSimulator.Build.0 = Release|Any CPU
		{842F7A62-A0E3-4B18-837E-155CA167D513}.AppStore|x64.ActiveCfg = Release|Any CPU
		{842F7A62-A0E3-4B18-837E-155CA167D513}.AppStore|x64.Build.0 = Release|Any CPU
		{842F7A62-A0E3-4B18-837E-155CA167D513}.AppStore|x86.ActiveCfg = Release|Any CPU
		{842F7A62-A0E3-4B18-837E-155CA167D513}.AppStore|x86.Build.0 = Release|Any CPU
		{842F7A62-A0E3-4B18-837E-155CA167D513}.Debug|Any CPU.ActiveCfg = Debug|Any CPU
		{842F7A62-A0E3-4B18-837E-155CA167D513}.Debug|Any CPU.Build.0 = Debug|Any CPU
		{842F7A62-A0E3-4B18-837E-155CA167D513}.Debug|ARM.ActiveCfg = Debug|Any CPU
		{842F7A62-A0E3-4B18-837E-155CA167D513}.Debug|iPhone.ActiveCfg = Debug|Any CPU
		{842F7A62-A0E3-4B18-837E-155CA167D513}.Debug|iPhone.Build.0 = Debug|Any CPU
		{842F7A62-A0E3-4B18-837E-155CA167D513}.Debug|iPhoneSimulator.ActiveCfg = Debug|Any CPU
		{842F7A62-A0E3-4B18-837E-155CA167D513}.Debug|iPhoneSimulator.Build.0 = Debug|Any CPU
		{842F7A62-A0E3-4B18-837E-155CA167D513}.Debug|x64.ActiveCfg = Debug|Any CPU
		{842F7A62-A0E3-4B18-837E-155CA167D513}.Debug|x86.ActiveCfg = Debug|Any CPU
		{842F7A62-A0E3-4B18-837E-155CA167D513}.Release|Any CPU.ActiveCfg = Release|Any CPU
		{842F7A62-A0E3-4B18-837E-155CA167D513}.Release|Any CPU.Build.0 = Release|Any CPU
		{842F7A62-A0E3-4B18-837E-155CA167D513}.Release|ARM.ActiveCfg = Release|Any CPU
		{842F7A62-A0E3-4B18-837E-155CA167D513}.Release|iPhone.ActiveCfg = Release|Any CPU
		{842F7A62-A0E3-4B18-837E-155CA167D513}.Release|iPhone.Build.0 = Release|Any CPU
		{842F7A62-A0E3-4B18-837E-155CA167D513}.Release|iPhoneSimulator.ActiveCfg = Release|Any CPU
		{842F7A62-A0E3-4B18-837E-155CA167D513}.Release|iPhoneSimulator.Build.0 = Release|Any CPU
		{842F7A62-A0E3-4B18-837E-155CA167D513}.Release|x64.ActiveCfg = Release|Any CPU
		{842F7A62-A0E3-4B18-837E-155CA167D513}.Release|x86.ActiveCfg = Release|Any CPU
		{F5B520B1-798B-4CDA-B42E-3786260725F0}.Ad-Hoc|Any CPU.ActiveCfg = Release|Any CPU
		{F5B520B1-798B-4CDA-B42E-3786260725F0}.Ad-Hoc|Any CPU.Build.0 = Release|Any CPU
		{F5B520B1-798B-4CDA-B42E-3786260725F0}.Ad-Hoc|ARM.ActiveCfg = Release|Any CPU
		{F5B520B1-798B-4CDA-B42E-3786260725F0}.Ad-Hoc|ARM.Build.0 = Release|Any CPU
		{F5B520B1-798B-4CDA-B42E-3786260725F0}.Ad-Hoc|iPhone.ActiveCfg = Release|Any CPU
		{F5B520B1-798B-4CDA-B42E-3786260725F0}.Ad-Hoc|iPhone.Build.0 = Release|Any CPU
		{F5B520B1-798B-4CDA-B42E-3786260725F0}.Ad-Hoc|iPhoneSimulator.ActiveCfg = Release|Any CPU
		{F5B520B1-798B-4CDA-B42E-3786260725F0}.Ad-Hoc|iPhoneSimulator.Build.0 = Release|Any CPU
		{F5B520B1-798B-4CDA-B42E-3786260725F0}.Ad-Hoc|x64.ActiveCfg = Release|Any CPU
		{F5B520B1-798B-4CDA-B42E-3786260725F0}.Ad-Hoc|x64.Build.0 = Release|Any CPU
		{F5B520B1-798B-4CDA-B42E-3786260725F0}.Ad-Hoc|x86.ActiveCfg = Release|x86
		{F5B520B1-798B-4CDA-B42E-3786260725F0}.Ad-Hoc|x86.Build.0 = Release|x86
		{F5B520B1-798B-4CDA-B42E-3786260725F0}.AppStore|Any CPU.ActiveCfg = Release|Any CPU
		{F5B520B1-798B-4CDA-B42E-3786260725F0}.AppStore|Any CPU.Build.0 = Release|Any CPU
		{F5B520B1-798B-4CDA-B42E-3786260725F0}.AppStore|ARM.ActiveCfg = Release|Any CPU
		{F5B520B1-798B-4CDA-B42E-3786260725F0}.AppStore|ARM.Build.0 = Release|Any CPU
		{F5B520B1-798B-4CDA-B42E-3786260725F0}.AppStore|iPhone.ActiveCfg = Release|Any CPU
		{F5B520B1-798B-4CDA-B42E-3786260725F0}.AppStore|iPhone.Build.0 = Release|Any CPU
		{F5B520B1-798B-4CDA-B42E-3786260725F0}.AppStore|iPhoneSimulator.ActiveCfg = Release|Any CPU
		{F5B520B1-798B-4CDA-B42E-3786260725F0}.AppStore|iPhoneSimulator.Build.0 = Release|Any CPU
		{F5B520B1-798B-4CDA-B42E-3786260725F0}.AppStore|x64.ActiveCfg = Release|Any CPU
		{F5B520B1-798B-4CDA-B42E-3786260725F0}.AppStore|x64.Build.0 = Release|Any CPU
		{F5B520B1-798B-4CDA-B42E-3786260725F0}.AppStore|x86.ActiveCfg = Release|x86
		{F5B520B1-798B-4CDA-B42E-3786260725F0}.AppStore|x86.Build.0 = Release|x86
		{F5B520B1-798B-4CDA-B42E-3786260725F0}.Debug|Any CPU.ActiveCfg = Debug|Any CPU
		{F5B520B1-798B-4CDA-B42E-3786260725F0}.Debug|Any CPU.Build.0 = Debug|Any CPU
		{F5B520B1-798B-4CDA-B42E-3786260725F0}.Debug|ARM.ActiveCfg = Debug|Any CPU
		{F5B520B1-798B-4CDA-B42E-3786260725F0}.Debug|iPhone.ActiveCfg = Debug|Any CPU
		{F5B520B1-798B-4CDA-B42E-3786260725F0}.Debug|iPhone.Build.0 = Debug|Any CPU
		{F5B520B1-798B-4CDA-B42E-3786260725F0}.Debug|iPhoneSimulator.ActiveCfg = Debug|Any CPU
		{F5B520B1-798B-4CDA-B42E-3786260725F0}.Debug|iPhoneSimulator.Build.0 = Debug|Any CPU
		{F5B520B1-798B-4CDA-B42E-3786260725F0}.Debug|x64.ActiveCfg = Debug|Any CPU
		{F5B520B1-798B-4CDA-B42E-3786260725F0}.Debug|x86.ActiveCfg = Debug|x86
		{F5B520B1-798B-4CDA-B42E-3786260725F0}.Debug|x86.Build.0 = Debug|x86
		{F5B520B1-798B-4CDA-B42E-3786260725F0}.Release|Any CPU.ActiveCfg = Release|Any CPU
		{F5B520B1-798B-4CDA-B42E-3786260725F0}.Release|Any CPU.Build.0 = Release|Any CPU
		{F5B520B1-798B-4CDA-B42E-3786260725F0}.Release|ARM.ActiveCfg = Release|Any CPU
		{F5B520B1-798B-4CDA-B42E-3786260725F0}.Release|iPhone.ActiveCfg = Release|Any CPU
		{F5B520B1-798B-4CDA-B42E-3786260725F0}.Release|iPhone.Build.0 = Release|Any CPU
		{F5B520B1-798B-4CDA-B42E-3786260725F0}.Release|iPhoneSimulator.ActiveCfg = Release|Any CPU
		{F5B520B1-798B-4CDA-B42E-3786260725F0}.Release|iPhoneSimulator.Build.0 = Release|Any CPU
		{F5B520B1-798B-4CDA-B42E-3786260725F0}.Release|x64.ActiveCfg = Release|Any CPU
		{F5B520B1-798B-4CDA-B42E-3786260725F0}.Release|x86.ActiveCfg = Release|Any CPU
		{27761404-253D-49A1-8F5A-0BBB4D24C512}.Ad-Hoc|Any CPU.ActiveCfg = Release|Any CPU
		{27761404-253D-49A1-8F5A-0BBB4D24C512}.Ad-Hoc|ARM.ActiveCfg = Release|ARM
		{27761404-253D-49A1-8F5A-0BBB4D24C512}.Ad-Hoc|iPhone.ActiveCfg = Release|Any CPU
		{27761404-253D-49A1-8F5A-0BBB4D24C512}.Ad-Hoc|iPhoneSimulator.ActiveCfg = Release|Any CPU
		{27761404-253D-49A1-8F5A-0BBB4D24C512}.Ad-Hoc|x64.ActiveCfg = Release|x64
		{27761404-253D-49A1-8F5A-0BBB4D24C512}.Ad-Hoc|x86.ActiveCfg = Release|x86
		{27761404-253D-49A1-8F5A-0BBB4D24C512}.AppStore|Any CPU.ActiveCfg = Release|Any CPU
		{27761404-253D-49A1-8F5A-0BBB4D24C512}.AppStore|ARM.ActiveCfg = Release|ARM
		{27761404-253D-49A1-8F5A-0BBB4D24C512}.AppStore|iPhone.ActiveCfg = Release|Any CPU
		{27761404-253D-49A1-8F5A-0BBB4D24C512}.AppStore|iPhoneSimulator.ActiveCfg = Release|Any CPU
		{27761404-253D-49A1-8F5A-0BBB4D24C512}.AppStore|x64.ActiveCfg = Release|x64
		{27761404-253D-49A1-8F5A-0BBB4D24C512}.AppStore|x86.ActiveCfg = Release|x86
		{27761404-253D-49A1-8F5A-0BBB4D24C512}.Debug|Any CPU.ActiveCfg = Debug|Any CPU
		{27761404-253D-49A1-8F5A-0BBB4D24C512}.Debug|Any CPU.Build.0 = Debug|Any CPU
		{27761404-253D-49A1-8F5A-0BBB4D24C512}.Debug|Any CPU.Deploy.0 = Debug|Any CPU
		{27761404-253D-49A1-8F5A-0BBB4D24C512}.Debug|ARM.ActiveCfg = Debug|ARM
		{27761404-253D-49A1-8F5A-0BBB4D24C512}.Debug|ARM.Build.0 = Debug|ARM
		{27761404-253D-49A1-8F5A-0BBB4D24C512}.Debug|ARM.Deploy.0 = Debug|ARM
		{27761404-253D-49A1-8F5A-0BBB4D24C512}.Debug|iPhone.ActiveCfg = Debug|Any CPU
		{27761404-253D-49A1-8F5A-0BBB4D24C512}.Debug|iPhoneSimulator.ActiveCfg = Debug|Any CPU
		{27761404-253D-49A1-8F5A-0BBB4D24C512}.Debug|x64.ActiveCfg = Debug|x64
		{27761404-253D-49A1-8F5A-0BBB4D24C512}.Debug|x64.Build.0 = Debug|x64
		{27761404-253D-49A1-8F5A-0BBB4D24C512}.Debug|x64.Deploy.0 = Debug|x64
		{27761404-253D-49A1-8F5A-0BBB4D24C512}.Debug|x86.ActiveCfg = Debug|x86
		{27761404-253D-49A1-8F5A-0BBB4D24C512}.Debug|x86.Build.0 = Debug|x86
		{27761404-253D-49A1-8F5A-0BBB4D24C512}.Debug|x86.Deploy.0 = Debug|x86
		{27761404-253D-49A1-8F5A-0BBB4D24C512}.Release|Any CPU.ActiveCfg = Release|Any CPU
		{27761404-253D-49A1-8F5A-0BBB4D24C512}.Release|Any CPU.Build.0 = Release|Any CPU
		{27761404-253D-49A1-8F5A-0BBB4D24C512}.Release|Any CPU.Deploy.0 = Release|Any CPU
		{27761404-253D-49A1-8F5A-0BBB4D24C512}.Release|ARM.ActiveCfg = Release|ARM
		{27761404-253D-49A1-8F5A-0BBB4D24C512}.Release|ARM.Build.0 = Release|ARM
		{27761404-253D-49A1-8F5A-0BBB4D24C512}.Release|ARM.Deploy.0 = Release|ARM
		{27761404-253D-49A1-8F5A-0BBB4D24C512}.Release|iPhone.ActiveCfg = Release|Any CPU
		{27761404-253D-49A1-8F5A-0BBB4D24C512}.Release|iPhoneSimulator.ActiveCfg = Release|Any CPU
		{27761404-253D-49A1-8F5A-0BBB4D24C512}.Release|x64.ActiveCfg = Release|x64
		{27761404-253D-49A1-8F5A-0BBB4D24C512}.Release|x64.Build.0 = Release|x64
		{27761404-253D-49A1-8F5A-0BBB4D24C512}.Release|x64.Deploy.0 = Release|x64
		{27761404-253D-49A1-8F5A-0BBB4D24C512}.Release|x86.ActiveCfg = Release|x86
		{27761404-253D-49A1-8F5A-0BBB4D24C512}.Release|x86.Build.0 = Release|x86
		{27761404-253D-49A1-8F5A-0BBB4D24C512}.Release|x86.Deploy.0 = Release|x86
		{1CE6A6DA-3F5F-407F-ADB0-F4BD074AA571}.Ad-Hoc|Any CPU.ActiveCfg = Release|Any CPU
		{1CE6A6DA-3F5F-407F-ADB0-F4BD074AA571}.Ad-Hoc|Any CPU.Build.0 = Release|Any CPU
		{1CE6A6DA-3F5F-407F-ADB0-F4BD074AA571}.Ad-Hoc|ARM.ActiveCfg = Release|Any CPU
		{1CE6A6DA-3F5F-407F-ADB0-F4BD074AA571}.Ad-Hoc|ARM.Build.0 = Release|Any CPU
		{1CE6A6DA-3F5F-407F-ADB0-F4BD074AA571}.Ad-Hoc|iPhone.ActiveCfg = Release|Any CPU
		{1CE6A6DA-3F5F-407F-ADB0-F4BD074AA571}.Ad-Hoc|iPhone.Build.0 = Release|Any CPU
		{1CE6A6DA-3F5F-407F-ADB0-F4BD074AA571}.Ad-Hoc|iPhoneSimulator.ActiveCfg = Release|Any CPU
		{1CE6A6DA-3F5F-407F-ADB0-F4BD074AA571}.Ad-Hoc|iPhoneSimulator.Build.0 = Release|Any CPU
		{1CE6A6DA-3F5F-407F-ADB0-F4BD074AA571}.Ad-Hoc|x64.ActiveCfg = Release|Any CPU
		{1CE6A6DA-3F5F-407F-ADB0-F4BD074AA571}.Ad-Hoc|x64.Build.0 = Release|Any CPU
		{1CE6A6DA-3F5F-407F-ADB0-F4BD074AA571}.Ad-Hoc|x86.ActiveCfg = Release|Any CPU
		{1CE6A6DA-3F5F-407F-ADB0-F4BD074AA571}.Ad-Hoc|x86.Build.0 = Release|Any CPU
		{1CE6A6DA-3F5F-407F-ADB0-F4BD074AA571}.AppStore|Any CPU.ActiveCfg = Release|Any CPU
		{1CE6A6DA-3F5F-407F-ADB0-F4BD074AA571}.AppStore|Any CPU.Build.0 = Release|Any CPU
		{1CE6A6DA-3F5F-407F-ADB0-F4BD074AA571}.AppStore|ARM.ActiveCfg = Release|Any CPU
		{1CE6A6DA-3F5F-407F-ADB0-F4BD074AA571}.AppStore|ARM.Build.0 = Release|Any CPU
		{1CE6A6DA-3F5F-407F-ADB0-F4BD074AA571}.AppStore|iPhone.ActiveCfg = Release|Any CPU
		{1CE6A6DA-3F5F-407F-ADB0-F4BD074AA571}.AppStore|iPhone.Build.0 = Release|Any CPU
		{1CE6A6DA-3F5F-407F-ADB0-F4BD074AA571}.AppStore|iPhoneSimulator.ActiveCfg = Release|Any CPU
		{1CE6A6DA-3F5F-407F-ADB0-F4BD074AA571}.AppStore|iPhoneSimulator.Build.0 = Release|Any CPU
		{1CE6A6DA-3F5F-407F-ADB0-F4BD074AA571}.AppStore|x64.ActiveCfg = Release|Any CPU
		{1CE6A6DA-3F5F-407F-ADB0-F4BD074AA571}.AppStore|x64.Build.0 = Release|Any CPU
		{1CE6A6DA-3F5F-407F-ADB0-F4BD074AA571}.AppStore|x86.ActiveCfg = Release|Any CPU
		{1CE6A6DA-3F5F-407F-ADB0-F4BD074AA571}.AppStore|x86.Build.0 = Release|Any CPU
		{1CE6A6DA-3F5F-407F-ADB0-F4BD074AA571}.Debug|Any CPU.ActiveCfg = Debug|Any CPU
		{1CE6A6DA-3F5F-407F-ADB0-F4BD074AA571}.Debug|Any CPU.Build.0 = Debug|Any CPU
		{1CE6A6DA-3F5F-407F-ADB0-F4BD074AA571}.Debug|ARM.ActiveCfg = Debug|Any CPU
		{1CE6A6DA-3F5F-407F-ADB0-F4BD074AA571}.Debug|iPhone.ActiveCfg = Debug|Any CPU
		{1CE6A6DA-3F5F-407F-ADB0-F4BD074AA571}.Debug|iPhone.Build.0 = Debug|Any CPU
		{1CE6A6DA-3F5F-407F-ADB0-F4BD074AA571}.Debug|iPhoneSimulator.ActiveCfg = Debug|Any CPU
		{1CE6A6DA-3F5F-407F-ADB0-F4BD074AA571}.Debug|iPhoneSimulator.Build.0 = Debug|Any CPU
		{1CE6A6DA-3F5F-407F-ADB0-F4BD074AA571}.Debug|x64.ActiveCfg = Debug|Any CPU
		{1CE6A6DA-3F5F-407F-ADB0-F4BD074AA571}.Debug|x86.ActiveCfg = Debug|Any CPU
		{1CE6A6DA-3F5F-407F-ADB0-F4BD074AA571}.Release|Any CPU.ActiveCfg = Release|Any CPU
		{1CE6A6DA-3F5F-407F-ADB0-F4BD074AA571}.Release|Any CPU.Build.0 = Release|Any CPU
		{1CE6A6DA-3F5F-407F-ADB0-F4BD074AA571}.Release|ARM.ActiveCfg = Release|Any CPU
		{1CE6A6DA-3F5F-407F-ADB0-F4BD074AA571}.Release|iPhone.ActiveCfg = Release|Any CPU
		{1CE6A6DA-3F5F-407F-ADB0-F4BD074AA571}.Release|iPhone.Build.0 = Release|Any CPU
		{1CE6A6DA-3F5F-407F-ADB0-F4BD074AA571}.Release|iPhoneSimulator.ActiveCfg = Release|Any CPU
		{1CE6A6DA-3F5F-407F-ADB0-F4BD074AA571}.Release|iPhoneSimulator.Build.0 = Release|Any CPU
		{1CE6A6DA-3F5F-407F-ADB0-F4BD074AA571}.Release|x64.ActiveCfg = Release|Any CPU
		{1CE6A6DA-3F5F-407F-ADB0-F4BD074AA571}.Release|x86.ActiveCfg = Release|Any CPU
		{EFF65711-AF05-4939-86D6-2BBBFB24DC04}.Ad-Hoc|Any CPU.ActiveCfg = Release|Any CPU
		{EFF65711-AF05-4939-86D6-2BBBFB24DC04}.Ad-Hoc|Any CPU.Build.0 = Release|Any CPU
		{EFF65711-AF05-4939-86D6-2BBBFB24DC04}.Ad-Hoc|ARM.ActiveCfg = Release|Any CPU
		{EFF65711-AF05-4939-86D6-2BBBFB24DC04}.Ad-Hoc|ARM.Build.0 = Release|Any CPU
		{EFF65711-AF05-4939-86D6-2BBBFB24DC04}.Ad-Hoc|iPhone.ActiveCfg = Release|Any CPU
		{EFF65711-AF05-4939-86D6-2BBBFB24DC04}.Ad-Hoc|iPhone.Build.0 = Release|Any CPU
		{EFF65711-AF05-4939-86D6-2BBBFB24DC04}.Ad-Hoc|iPhoneSimulator.ActiveCfg = Release|Any CPU
		{EFF65711-AF05-4939-86D6-2BBBFB24DC04}.Ad-Hoc|iPhoneSimulator.Build.0 = Release|Any CPU
		{EFF65711-AF05-4939-86D6-2BBBFB24DC04}.Ad-Hoc|x64.ActiveCfg = Release|Any CPU
		{EFF65711-AF05-4939-86D6-2BBBFB24DC04}.Ad-Hoc|x64.Build.0 = Release|Any CPU
		{EFF65711-AF05-4939-86D6-2BBBFB24DC04}.Ad-Hoc|x86.ActiveCfg = Release|Any CPU
		{EFF65711-AF05-4939-86D6-2BBBFB24DC04}.Ad-Hoc|x86.Build.0 = Release|Any CPU
		{EFF65711-AF05-4939-86D6-2BBBFB24DC04}.AppStore|Any CPU.ActiveCfg = Release|Any CPU
		{EFF65711-AF05-4939-86D6-2BBBFB24DC04}.AppStore|Any CPU.Build.0 = Release|Any CPU
		{EFF65711-AF05-4939-86D6-2BBBFB24DC04}.AppStore|ARM.ActiveCfg = Release|Any CPU
		{EFF65711-AF05-4939-86D6-2BBBFB24DC04}.AppStore|ARM.Build.0 = Release|Any CPU
		{EFF65711-AF05-4939-86D6-2BBBFB24DC04}.AppStore|iPhone.ActiveCfg = Release|Any CPU
		{EFF65711-AF05-4939-86D6-2BBBFB24DC04}.AppStore|iPhone.Build.0 = Release|Any CPU
		{EFF65711-AF05-4939-86D6-2BBBFB24DC04}.AppStore|iPhoneSimulator.ActiveCfg = Release|Any CPU
		{EFF65711-AF05-4939-86D6-2BBBFB24DC04}.AppStore|iPhoneSimulator.Build.0 = Release|Any CPU
		{EFF65711-AF05-4939-86D6-2BBBFB24DC04}.AppStore|x64.ActiveCfg = Release|Any CPU
		{EFF65711-AF05-4939-86D6-2BBBFB24DC04}.AppStore|x64.Build.0 = Release|Any CPU
		{EFF65711-AF05-4939-86D6-2BBBFB24DC04}.AppStore|x86.ActiveCfg = Release|Any CPU
		{EFF65711-AF05-4939-86D6-2BBBFB24DC04}.AppStore|x86.Build.0 = Release|Any CPU
		{EFF65711-AF05-4939-86D6-2BBBFB24DC04}.Debug|Any CPU.ActiveCfg = Debug|Any CPU
		{EFF65711-AF05-4939-86D6-2BBBFB24DC04}.Debug|Any CPU.Build.0 = Debug|Any CPU
		{EFF65711-AF05-4939-86D6-2BBBFB24DC04}.Debug|ARM.ActiveCfg = Debug|Any CPU
		{EFF65711-AF05-4939-86D6-2BBBFB24DC04}.Debug|iPhone.ActiveCfg = Debug|Any CPU
		{EFF65711-AF05-4939-86D6-2BBBFB24DC04}.Debug|iPhone.Build.0 = Debug|Any CPU
		{EFF65711-AF05-4939-86D6-2BBBFB24DC04}.Debug|iPhoneSimulator.ActiveCfg = Debug|Any CPU
		{EFF65711-AF05-4939-86D6-2BBBFB24DC04}.Debug|iPhoneSimulator.Build.0 = Debug|Any CPU
		{EFF65711-AF05-4939-86D6-2BBBFB24DC04}.Debug|x64.ActiveCfg = Debug|Any CPU
		{EFF65711-AF05-4939-86D6-2BBBFB24DC04}.Debug|x86.ActiveCfg = Debug|Any CPU
		{EFF65711-AF05-4939-86D6-2BBBFB24DC04}.Release|Any CPU.ActiveCfg = Release|Any CPU
		{EFF65711-AF05-4939-86D6-2BBBFB24DC04}.Release|Any CPU.Build.0 = Release|Any CPU
		{EFF65711-AF05-4939-86D6-2BBBFB24DC04}.Release|ARM.ActiveCfg = Release|Any CPU
		{EFF65711-AF05-4939-86D6-2BBBFB24DC04}.Release|iPhone.ActiveCfg = Release|Any CPU
		{EFF65711-AF05-4939-86D6-2BBBFB24DC04}.Release|iPhone.Build.0 = Release|Any CPU
		{EFF65711-AF05-4939-86D6-2BBBFB24DC04}.Release|iPhoneSimulator.ActiveCfg = Release|Any CPU
		{EFF65711-AF05-4939-86D6-2BBBFB24DC04}.Release|iPhoneSimulator.Build.0 = Release|Any CPU
		{EFF65711-AF05-4939-86D6-2BBBFB24DC04}.Release|x64.ActiveCfg = Release|Any CPU
		{EFF65711-AF05-4939-86D6-2BBBFB24DC04}.Release|x86.ActiveCfg = Release|Any CPU
		{77D919DC-BBA4-45C0-9430-5FF43CBAB4FF}.Ad-Hoc|Any CPU.ActiveCfg = Release|Any CPU
		{77D919DC-BBA4-45C0-9430-5FF43CBAB4FF}.Ad-Hoc|Any CPU.Build.0 = Release|Any CPU
		{77D919DC-BBA4-45C0-9430-5FF43CBAB4FF}.Ad-Hoc|ARM.ActiveCfg = Release|Any CPU
		{77D919DC-BBA4-45C0-9430-5FF43CBAB4FF}.Ad-Hoc|ARM.Build.0 = Release|Any CPU
		{77D919DC-BBA4-45C0-9430-5FF43CBAB4FF}.Ad-Hoc|iPhone.ActiveCfg = Release|Any CPU
		{77D919DC-BBA4-45C0-9430-5FF43CBAB4FF}.Ad-Hoc|iPhone.Build.0 = Release|Any CPU
		{77D919DC-BBA4-45C0-9430-5FF43CBAB4FF}.Ad-Hoc|iPhoneSimulator.ActiveCfg = Release|Any CPU
		{77D919DC-BBA4-45C0-9430-5FF43CBAB4FF}.Ad-Hoc|iPhoneSimulator.Build.0 = Release|Any CPU
		{77D919DC-BBA4-45C0-9430-5FF43CBAB4FF}.Ad-Hoc|x64.ActiveCfg = Release|Any CPU
		{77D919DC-BBA4-45C0-9430-5FF43CBAB4FF}.Ad-Hoc|x64.Build.0 = Release|Any CPU
		{77D919DC-BBA4-45C0-9430-5FF43CBAB4FF}.Ad-Hoc|x86.ActiveCfg = Release|Any CPU
		{77D919DC-BBA4-45C0-9430-5FF43CBAB4FF}.Ad-Hoc|x86.Build.0 = Release|Any CPU
		{77D919DC-BBA4-45C0-9430-5FF43CBAB4FF}.AppStore|Any CPU.ActiveCfg = Release|Any CPU
		{77D919DC-BBA4-45C0-9430-5FF43CBAB4FF}.AppStore|Any CPU.Build.0 = Release|Any CPU
		{77D919DC-BBA4-45C0-9430-5FF43CBAB4FF}.AppStore|ARM.ActiveCfg = Release|Any CPU
		{77D919DC-BBA4-45C0-9430-5FF43CBAB4FF}.AppStore|ARM.Build.0 = Release|Any CPU
		{77D919DC-BBA4-45C0-9430-5FF43CBAB4FF}.AppStore|iPhone.ActiveCfg = Release|Any CPU
		{77D919DC-BBA4-45C0-9430-5FF43CBAB4FF}.AppStore|iPhone.Build.0 = Release|Any CPU
		{77D919DC-BBA4-45C0-9430-5FF43CBAB4FF}.AppStore|iPhoneSimulator.ActiveCfg = Release|Any CPU
		{77D919DC-BBA4-45C0-9430-5FF43CBAB4FF}.AppStore|iPhoneSimulator.Build.0 = Release|Any CPU
		{77D919DC-BBA4-45C0-9430-5FF43CBAB4FF}.AppStore|x64.ActiveCfg = Release|Any CPU
		{77D919DC-BBA4-45C0-9430-5FF43CBAB4FF}.AppStore|x64.Build.0 = Release|Any CPU
		{77D919DC-BBA4-45C0-9430-5FF43CBAB4FF}.AppStore|x86.ActiveCfg = Release|Any CPU
		{77D919DC-BBA4-45C0-9430-5FF43CBAB4FF}.AppStore|x86.Build.0 = Release|Any CPU
		{77D919DC-BBA4-45C0-9430-5FF43CBAB4FF}.Debug|Any CPU.ActiveCfg = Debug|Any CPU
		{77D919DC-BBA4-45C0-9430-5FF43CBAB4FF}.Debug|Any CPU.Build.0 = Debug|Any CPU
		{77D919DC-BBA4-45C0-9430-5FF43CBAB4FF}.Debug|ARM.ActiveCfg = Debug|Any CPU
		{77D919DC-BBA4-45C0-9430-5FF43CBAB4FF}.Debug|ARM.Build.0 = Debug|Any CPU
		{77D919DC-BBA4-45C0-9430-5FF43CBAB4FF}.Debug|iPhone.ActiveCfg = Debug|Any CPU
		{77D919DC-BBA4-45C0-9430-5FF43CBAB4FF}.Debug|iPhone.Build.0 = Debug|Any CPU
		{77D919DC-BBA4-45C0-9430-5FF43CBAB4FF}.Debug|iPhoneSimulator.ActiveCfg = Debug|Any CPU
		{77D919DC-BBA4-45C0-9430-5FF43CBAB4FF}.Debug|iPhoneSimulator.Build.0 = Debug|Any CPU
		{77D919DC-BBA4-45C0-9430-5FF43CBAB4FF}.Debug|x64.ActiveCfg = Debug|Any CPU
		{77D919DC-BBA4-45C0-9430-5FF43CBAB4FF}.Debug|x64.Build.0 = Debug|Any CPU
		{77D919DC-BBA4-45C0-9430-5FF43CBAB4FF}.Debug|x86.ActiveCfg = Debug|Any CPU
		{77D919DC-BBA4-45C0-9430-5FF43CBAB4FF}.Debug|x86.Build.0 = Debug|Any CPU
		{77D919DC-BBA4-45C0-9430-5FF43CBAB4FF}.Release|Any CPU.ActiveCfg = Release|Any CPU
		{77D919DC-BBA4-45C0-9430-5FF43CBAB4FF}.Release|Any CPU.Build.0 = Release|Any CPU
		{77D919DC-BBA4-45C0-9430-5FF43CBAB4FF}.Release|ARM.ActiveCfg = Release|Any CPU
		{77D919DC-BBA4-45C0-9430-5FF43CBAB4FF}.Release|ARM.Build.0 = Release|Any CPU
		{77D919DC-BBA4-45C0-9430-5FF43CBAB4FF}.Release|iPhone.ActiveCfg = Release|Any CPU
		{77D919DC-BBA4-45C0-9430-5FF43CBAB4FF}.Release|iPhone.Build.0 = Release|Any CPU
		{77D919DC-BBA4-45C0-9430-5FF43CBAB4FF}.Release|iPhoneSimulator.ActiveCfg = Release|Any CPU
		{77D919DC-BBA4-45C0-9430-5FF43CBAB4FF}.Release|iPhoneSimulator.Build.0 = Release|Any CPU
		{77D919DC-BBA4-45C0-9430-5FF43CBAB4FF}.Release|x64.ActiveCfg = Release|Any CPU
		{77D919DC-BBA4-45C0-9430-5FF43CBAB4FF}.Release|x64.Build.0 = Release|Any CPU
		{77D919DC-BBA4-45C0-9430-5FF43CBAB4FF}.Release|x86.ActiveCfg = Release|Any CPU
		{77D919DC-BBA4-45C0-9430-5FF43CBAB4FF}.Release|x86.Build.0 = Release|Any CPU
		{CA6CE63B-3FEE-40DB-8CC1-562E0AD314F4}.Ad-Hoc|Any CPU.ActiveCfg = Release|Any CPU
		{CA6CE63B-3FEE-40DB-8CC1-562E0AD314F4}.Ad-Hoc|Any CPU.Build.0 = Release|Any CPU
		{CA6CE63B-3FEE-40DB-8CC1-562E0AD314F4}.Ad-Hoc|Any CPU.Deploy.0 = Release|Any CPU
		{CA6CE63B-3FEE-40DB-8CC1-562E0AD314F4}.Ad-Hoc|ARM.ActiveCfg = Release|Any CPU
		{CA6CE63B-3FEE-40DB-8CC1-562E0AD314F4}.Ad-Hoc|ARM.Build.0 = Release|Any CPU
		{CA6CE63B-3FEE-40DB-8CC1-562E0AD314F4}.Ad-Hoc|ARM.Deploy.0 = Release|Any CPU
		{CA6CE63B-3FEE-40DB-8CC1-562E0AD314F4}.Ad-Hoc|iPhone.ActiveCfg = Release|Any CPU
		{CA6CE63B-3FEE-40DB-8CC1-562E0AD314F4}.Ad-Hoc|iPhone.Build.0 = Release|Any CPU
		{CA6CE63B-3FEE-40DB-8CC1-562E0AD314F4}.Ad-Hoc|iPhone.Deploy.0 = Release|Any CPU
		{CA6CE63B-3FEE-40DB-8CC1-562E0AD314F4}.Ad-Hoc|iPhoneSimulator.ActiveCfg = Release|Any CPU
		{CA6CE63B-3FEE-40DB-8CC1-562E0AD314F4}.Ad-Hoc|iPhoneSimulator.Build.0 = Release|Any CPU
		{CA6CE63B-3FEE-40DB-8CC1-562E0AD314F4}.Ad-Hoc|iPhoneSimulator.Deploy.0 = Release|Any CPU
		{CA6CE63B-3FEE-40DB-8CC1-562E0AD314F4}.Ad-Hoc|x64.ActiveCfg = Release|Any CPU
		{CA6CE63B-3FEE-40DB-8CC1-562E0AD314F4}.Ad-Hoc|x64.Build.0 = Release|Any CPU
		{CA6CE63B-3FEE-40DB-8CC1-562E0AD314F4}.Ad-Hoc|x64.Deploy.0 = Release|Any CPU
		{CA6CE63B-3FEE-40DB-8CC1-562E0AD314F4}.Ad-Hoc|x86.ActiveCfg = Release|Any CPU
		{CA6CE63B-3FEE-40DB-8CC1-562E0AD314F4}.Ad-Hoc|x86.Build.0 = Release|Any CPU
		{CA6CE63B-3FEE-40DB-8CC1-562E0AD314F4}.Ad-Hoc|x86.Deploy.0 = Release|Any CPU
		{CA6CE63B-3FEE-40DB-8CC1-562E0AD314F4}.AppStore|Any CPU.ActiveCfg = Release|Any CPU
		{CA6CE63B-3FEE-40DB-8CC1-562E0AD314F4}.AppStore|Any CPU.Build.0 = Release|Any CPU
		{CA6CE63B-3FEE-40DB-8CC1-562E0AD314F4}.AppStore|Any CPU.Deploy.0 = Release|Any CPU
		{CA6CE63B-3FEE-40DB-8CC1-562E0AD314F4}.AppStore|ARM.ActiveCfg = Release|Any CPU
		{CA6CE63B-3FEE-40DB-8CC1-562E0AD314F4}.AppStore|ARM.Build.0 = Release|Any CPU
		{CA6CE63B-3FEE-40DB-8CC1-562E0AD314F4}.AppStore|ARM.Deploy.0 = Release|Any CPU
		{CA6CE63B-3FEE-40DB-8CC1-562E0AD314F4}.AppStore|iPhone.ActiveCfg = Release|Any CPU
		{CA6CE63B-3FEE-40DB-8CC1-562E0AD314F4}.AppStore|iPhone.Build.0 = Release|Any CPU
		{CA6CE63B-3FEE-40DB-8CC1-562E0AD314F4}.AppStore|iPhone.Deploy.0 = Release|Any CPU
		{CA6CE63B-3FEE-40DB-8CC1-562E0AD314F4}.AppStore|iPhoneSimulator.ActiveCfg = Release|Any CPU
		{CA6CE63B-3FEE-40DB-8CC1-562E0AD314F4}.AppStore|iPhoneSimulator.Build.0 = Release|Any CPU
		{CA6CE63B-3FEE-40DB-8CC1-562E0AD314F4}.AppStore|iPhoneSimulator.Deploy.0 = Release|Any CPU
		{CA6CE63B-3FEE-40DB-8CC1-562E0AD314F4}.AppStore|x64.ActiveCfg = Release|Any CPU
		{CA6CE63B-3FEE-40DB-8CC1-562E0AD314F4}.AppStore|x64.Build.0 = Release|Any CPU
		{CA6CE63B-3FEE-40DB-8CC1-562E0AD314F4}.AppStore|x64.Deploy.0 = Release|Any CPU
		{CA6CE63B-3FEE-40DB-8CC1-562E0AD314F4}.AppStore|x86.ActiveCfg = Release|Any CPU
		{CA6CE63B-3FEE-40DB-8CC1-562E0AD314F4}.AppStore|x86.Build.0 = Release|Any CPU
		{CA6CE63B-3FEE-40DB-8CC1-562E0AD314F4}.AppStore|x86.Deploy.0 = Release|Any CPU
		{CA6CE63B-3FEE-40DB-8CC1-562E0AD314F4}.Debug|Any CPU.ActiveCfg = Debug|Any CPU
		{CA6CE63B-3FEE-40DB-8CC1-562E0AD314F4}.Debug|Any CPU.Build.0 = Debug|Any CPU
		{CA6CE63B-3FEE-40DB-8CC1-562E0AD314F4}.Debug|Any CPU.Deploy.0 = Debug|Any CPU
		{CA6CE63B-3FEE-40DB-8CC1-562E0AD314F4}.Debug|ARM.ActiveCfg = Debug|Any CPU
		{CA6CE63B-3FEE-40DB-8CC1-562E0AD314F4}.Debug|ARM.Build.0 = Debug|Any CPU
		{CA6CE63B-3FEE-40DB-8CC1-562E0AD314F4}.Debug|ARM.Deploy.0 = Debug|Any CPU
		{CA6CE63B-3FEE-40DB-8CC1-562E0AD314F4}.Debug|iPhone.ActiveCfg = Debug|Any CPU
		{CA6CE63B-3FEE-40DB-8CC1-562E0AD314F4}.Debug|iPhone.Build.0 = Debug|Any CPU
		{CA6CE63B-3FEE-40DB-8CC1-562E0AD314F4}.Debug|iPhone.Deploy.0 = Debug|Any CPU
		{CA6CE63B-3FEE-40DB-8CC1-562E0AD314F4}.Debug|iPhoneSimulator.ActiveCfg = Debug|Any CPU
		{CA6CE63B-3FEE-40DB-8CC1-562E0AD314F4}.Debug|iPhoneSimulator.Build.0 = Debug|Any CPU
		{CA6CE63B-3FEE-40DB-8CC1-562E0AD314F4}.Debug|iPhoneSimulator.Deploy.0 = Debug|Any CPU
		{CA6CE63B-3FEE-40DB-8CC1-562E0AD314F4}.Debug|x64.ActiveCfg = Debug|Any CPU
		{CA6CE63B-3FEE-40DB-8CC1-562E0AD314F4}.Debug|x64.Build.0 = Debug|Any CPU
		{CA6CE63B-3FEE-40DB-8CC1-562E0AD314F4}.Debug|x64.Deploy.0 = Debug|Any CPU
		{CA6CE63B-3FEE-40DB-8CC1-562E0AD314F4}.Debug|x86.ActiveCfg = Debug|Any CPU
		{CA6CE63B-3FEE-40DB-8CC1-562E0AD314F4}.Debug|x86.Build.0 = Debug|Any CPU
		{CA6CE63B-3FEE-40DB-8CC1-562E0AD314F4}.Debug|x86.Deploy.0 = Debug|Any CPU
		{CA6CE63B-3FEE-40DB-8CC1-562E0AD314F4}.Release|Any CPU.ActiveCfg = Release|Any CPU
		{CA6CE63B-3FEE-40DB-8CC1-562E0AD314F4}.Release|Any CPU.Build.0 = Release|Any CPU
		{CA6CE63B-3FEE-40DB-8CC1-562E0AD314F4}.Release|Any CPU.Deploy.0 = Release|Any CPU
		{CA6CE63B-3FEE-40DB-8CC1-562E0AD314F4}.Release|ARM.ActiveCfg = Release|Any CPU
		{CA6CE63B-3FEE-40DB-8CC1-562E0AD314F4}.Release|ARM.Build.0 = Release|Any CPU
		{CA6CE63B-3FEE-40DB-8CC1-562E0AD314F4}.Release|ARM.Deploy.0 = Release|Any CPU
		{CA6CE63B-3FEE-40DB-8CC1-562E0AD314F4}.Release|iPhone.ActiveCfg = Release|Any CPU
		{CA6CE63B-3FEE-40DB-8CC1-562E0AD314F4}.Release|iPhone.Build.0 = Release|Any CPU
		{CA6CE63B-3FEE-40DB-8CC1-562E0AD314F4}.Release|iPhone.Deploy.0 = Release|Any CPU
		{CA6CE63B-3FEE-40DB-8CC1-562E0AD314F4}.Release|iPhoneSimulator.ActiveCfg = Release|Any CPU
		{CA6CE63B-3FEE-40DB-8CC1-562E0AD314F4}.Release|iPhoneSimulator.Build.0 = Release|Any CPU
		{CA6CE63B-3FEE-40DB-8CC1-562E0AD314F4}.Release|iPhoneSimulator.Deploy.0 = Release|Any CPU
		{CA6CE63B-3FEE-40DB-8CC1-562E0AD314F4}.Release|x64.ActiveCfg = Release|Any CPU
		{CA6CE63B-3FEE-40DB-8CC1-562E0AD314F4}.Release|x64.Build.0 = Release|Any CPU
		{CA6CE63B-3FEE-40DB-8CC1-562E0AD314F4}.Release|x64.Deploy.0 = Release|Any CPU
		{CA6CE63B-3FEE-40DB-8CC1-562E0AD314F4}.Release|x86.ActiveCfg = Release|Any CPU
		{CA6CE63B-3FEE-40DB-8CC1-562E0AD314F4}.Release|x86.Build.0 = Release|Any CPU
		{CA6CE63B-3FEE-40DB-8CC1-562E0AD314F4}.Release|x86.Deploy.0 = Release|Any CPU
		{1DB85663-F0BE-4F66-BFAC-B6512BB36F03}.Ad-Hoc|Any CPU.ActiveCfg = Release|Any CPU
		{1DB85663-F0BE-4F66-BFAC-B6512BB36F03}.Ad-Hoc|Any CPU.Build.0 = Release|Any CPU
		{1DB85663-F0BE-4F66-BFAC-B6512BB36F03}.Ad-Hoc|Any CPU.Deploy.0 = Release|Any CPU
		{1DB85663-F0BE-4F66-BFAC-B6512BB36F03}.Ad-Hoc|ARM.ActiveCfg = Release|ARM
		{1DB85663-F0BE-4F66-BFAC-B6512BB36F03}.Ad-Hoc|ARM.Build.0 = Release|ARM
		{1DB85663-F0BE-4F66-BFAC-B6512BB36F03}.Ad-Hoc|ARM.Deploy.0 = Release|ARM
		{1DB85663-F0BE-4F66-BFAC-B6512BB36F03}.Ad-Hoc|iPhone.ActiveCfg = Release|Any CPU
		{1DB85663-F0BE-4F66-BFAC-B6512BB36F03}.Ad-Hoc|iPhone.Build.0 = Release|Any CPU
		{1DB85663-F0BE-4F66-BFAC-B6512BB36F03}.Ad-Hoc|iPhone.Deploy.0 = Release|Any CPU
		{1DB85663-F0BE-4F66-BFAC-B6512BB36F03}.Ad-Hoc|iPhoneSimulator.ActiveCfg = Release|Any CPU
		{1DB85663-F0BE-4F66-BFAC-B6512BB36F03}.Ad-Hoc|iPhoneSimulator.Build.0 = Release|Any CPU
		{1DB85663-F0BE-4F66-BFAC-B6512BB36F03}.Ad-Hoc|iPhoneSimulator.Deploy.0 = Release|Any CPU
		{1DB85663-F0BE-4F66-BFAC-B6512BB36F03}.Ad-Hoc|x64.ActiveCfg = Release|x64
		{1DB85663-F0BE-4F66-BFAC-B6512BB36F03}.Ad-Hoc|x64.Build.0 = Release|x64
		{1DB85663-F0BE-4F66-BFAC-B6512BB36F03}.Ad-Hoc|x64.Deploy.0 = Release|x64
		{1DB85663-F0BE-4F66-BFAC-B6512BB36F03}.Ad-Hoc|x86.ActiveCfg = Release|x86
		{1DB85663-F0BE-4F66-BFAC-B6512BB36F03}.Ad-Hoc|x86.Build.0 = Release|x86
		{1DB85663-F0BE-4F66-BFAC-B6512BB36F03}.Ad-Hoc|x86.Deploy.0 = Release|x86
		{1DB85663-F0BE-4F66-BFAC-B6512BB36F03}.AppStore|Any CPU.ActiveCfg = Release|Any CPU
		{1DB85663-F0BE-4F66-BFAC-B6512BB36F03}.AppStore|Any CPU.Build.0 = Release|Any CPU
		{1DB85663-F0BE-4F66-BFAC-B6512BB36F03}.AppStore|Any CPU.Deploy.0 = Release|Any CPU
		{1DB85663-F0BE-4F66-BFAC-B6512BB36F03}.AppStore|ARM.ActiveCfg = Release|ARM
		{1DB85663-F0BE-4F66-BFAC-B6512BB36F03}.AppStore|ARM.Build.0 = Release|ARM
		{1DB85663-F0BE-4F66-BFAC-B6512BB36F03}.AppStore|ARM.Deploy.0 = Release|ARM
		{1DB85663-F0BE-4F66-BFAC-B6512BB36F03}.AppStore|iPhone.ActiveCfg = Release|Any CPU
		{1DB85663-F0BE-4F66-BFAC-B6512BB36F03}.AppStore|iPhone.Build.0 = Release|Any CPU
		{1DB85663-F0BE-4F66-BFAC-B6512BB36F03}.AppStore|iPhone.Deploy.0 = Release|Any CPU
		{1DB85663-F0BE-4F66-BFAC-B6512BB36F03}.AppStore|iPhoneSimulator.ActiveCfg = Release|Any CPU
		{1DB85663-F0BE-4F66-BFAC-B6512BB36F03}.AppStore|iPhoneSimulator.Build.0 = Release|Any CPU
		{1DB85663-F0BE-4F66-BFAC-B6512BB36F03}.AppStore|iPhoneSimulator.Deploy.0 = Release|Any CPU
		{1DB85663-F0BE-4F66-BFAC-B6512BB36F03}.AppStore|x64.ActiveCfg = Release|x64
		{1DB85663-F0BE-4F66-BFAC-B6512BB36F03}.AppStore|x64.Build.0 = Release|x64
		{1DB85663-F0BE-4F66-BFAC-B6512BB36F03}.AppStore|x64.Deploy.0 = Release|x64
		{1DB85663-F0BE-4F66-BFAC-B6512BB36F03}.AppStore|x86.ActiveCfg = Release|x86
		{1DB85663-F0BE-4F66-BFAC-B6512BB36F03}.AppStore|x86.Build.0 = Release|x86
		{1DB85663-F0BE-4F66-BFAC-B6512BB36F03}.AppStore|x86.Deploy.0 = Release|x86
		{1DB85663-F0BE-4F66-BFAC-B6512BB36F03}.Debug|Any CPU.ActiveCfg = Debug|Any CPU
		{1DB85663-F0BE-4F66-BFAC-B6512BB36F03}.Debug|Any CPU.Build.0 = Debug|Any CPU
		{1DB85663-F0BE-4F66-BFAC-B6512BB36F03}.Debug|Any CPU.Deploy.0 = Debug|Any CPU
		{1DB85663-F0BE-4F66-BFAC-B6512BB36F03}.Debug|ARM.ActiveCfg = Debug|ARM
		{1DB85663-F0BE-4F66-BFAC-B6512BB36F03}.Debug|ARM.Build.0 = Debug|ARM
		{1DB85663-F0BE-4F66-BFAC-B6512BB36F03}.Debug|ARM.Deploy.0 = Debug|ARM
		{1DB85663-F0BE-4F66-BFAC-B6512BB36F03}.Debug|iPhone.ActiveCfg = Debug|Any CPU
		{1DB85663-F0BE-4F66-BFAC-B6512BB36F03}.Debug|iPhone.Build.0 = Debug|Any CPU
		{1DB85663-F0BE-4F66-BFAC-B6512BB36F03}.Debug|iPhone.Deploy.0 = Debug|Any CPU
		{1DB85663-F0BE-4F66-BFAC-B6512BB36F03}.Debug|iPhoneSimulator.ActiveCfg = Debug|Any CPU
		{1DB85663-F0BE-4F66-BFAC-B6512BB36F03}.Debug|iPhoneSimulator.Build.0 = Debug|Any CPU
		{1DB85663-F0BE-4F66-BFAC-B6512BB36F03}.Debug|iPhoneSimulator.Deploy.0 = Debug|Any CPU
		{1DB85663-F0BE-4F66-BFAC-B6512BB36F03}.Debug|x64.ActiveCfg = Debug|x64
		{1DB85663-F0BE-4F66-BFAC-B6512BB36F03}.Debug|x64.Build.0 = Debug|x64
		{1DB85663-F0BE-4F66-BFAC-B6512BB36F03}.Debug|x64.Deploy.0 = Debug|x64
		{1DB85663-F0BE-4F66-BFAC-B6512BB36F03}.Debug|x86.ActiveCfg = Debug|x86
		{1DB85663-F0BE-4F66-BFAC-B6512BB36F03}.Debug|x86.Build.0 = Debug|x86
		{1DB85663-F0BE-4F66-BFAC-B6512BB36F03}.Debug|x86.Deploy.0 = Debug|x86
		{1DB85663-F0BE-4F66-BFAC-B6512BB36F03}.Release|Any CPU.ActiveCfg = Release|Any CPU
		{1DB85663-F0BE-4F66-BFAC-B6512BB36F03}.Release|Any CPU.Build.0 = Release|Any CPU
		{1DB85663-F0BE-4F66-BFAC-B6512BB36F03}.Release|Any CPU.Deploy.0 = Release|Any CPU
		{1DB85663-F0BE-4F66-BFAC-B6512BB36F03}.Release|ARM.ActiveCfg = Release|ARM
		{1DB85663-F0BE-4F66-BFAC-B6512BB36F03}.Release|ARM.Build.0 = Release|ARM
		{1DB85663-F0BE-4F66-BFAC-B6512BB36F03}.Release|ARM.Deploy.0 = Release|ARM
		{1DB85663-F0BE-4F66-BFAC-B6512BB36F03}.Release|iPhone.ActiveCfg = Release|Any CPU
		{1DB85663-F0BE-4F66-BFAC-B6512BB36F03}.Release|iPhone.Build.0 = Release|Any CPU
		{1DB85663-F0BE-4F66-BFAC-B6512BB36F03}.Release|iPhone.Deploy.0 = Release|Any CPU
		{1DB85663-F0BE-4F66-BFAC-B6512BB36F03}.Release|iPhoneSimulator.ActiveCfg = Release|Any CPU
		{1DB85663-F0BE-4F66-BFAC-B6512BB36F03}.Release|iPhoneSimulator.Build.0 = Release|Any CPU
		{1DB85663-F0BE-4F66-BFAC-B6512BB36F03}.Release|iPhoneSimulator.Deploy.0 = Release|Any CPU
		{1DB85663-F0BE-4F66-BFAC-B6512BB36F03}.Release|x64.ActiveCfg = Release|x64
		{1DB85663-F0BE-4F66-BFAC-B6512BB36F03}.Release|x64.Build.0 = Release|x64
		{1DB85663-F0BE-4F66-BFAC-B6512BB36F03}.Release|x64.Deploy.0 = Release|x64
		{1DB85663-F0BE-4F66-BFAC-B6512BB36F03}.Release|x86.ActiveCfg = Release|x86
		{1DB85663-F0BE-4F66-BFAC-B6512BB36F03}.Release|x86.Build.0 = Release|x86
		{1DB85663-F0BE-4F66-BFAC-B6512BB36F03}.Release|x86.Deploy.0 = Release|x86
		{C5C154CB-929F-4EBA-9151-66EA2ADB5D07}.Ad-Hoc|Any CPU.ActiveCfg = Ad-Hoc|iPhone
		{C5C154CB-929F-4EBA-9151-66EA2ADB5D07}.Ad-Hoc|ARM.ActiveCfg = Ad-Hoc|iPhone
		{C5C154CB-929F-4EBA-9151-66EA2ADB5D07}.Ad-Hoc|iPhone.ActiveCfg = Ad-Hoc|iPhone
		{C5C154CB-929F-4EBA-9151-66EA2ADB5D07}.Ad-Hoc|iPhone.Build.0 = Ad-Hoc|iPhone
		{C5C154CB-929F-4EBA-9151-66EA2ADB5D07}.Ad-Hoc|iPhoneSimulator.ActiveCfg = Ad-Hoc|iPhoneSimulator
		{C5C154CB-929F-4EBA-9151-66EA2ADB5D07}.Ad-Hoc|iPhoneSimulator.Build.0 = Ad-Hoc|iPhoneSimulator
		{C5C154CB-929F-4EBA-9151-66EA2ADB5D07}.Ad-Hoc|x64.ActiveCfg = Ad-Hoc|iPhone
		{C5C154CB-929F-4EBA-9151-66EA2ADB5D07}.Ad-Hoc|x86.ActiveCfg = Ad-Hoc|iPhone
		{C5C154CB-929F-4EBA-9151-66EA2ADB5D07}.AppStore|Any CPU.ActiveCfg = AppStore|iPhone
		{C5C154CB-929F-4EBA-9151-66EA2ADB5D07}.AppStore|ARM.ActiveCfg = AppStore|iPhone
		{C5C154CB-929F-4EBA-9151-66EA2ADB5D07}.AppStore|iPhone.ActiveCfg = AppStore|iPhone
		{C5C154CB-929F-4EBA-9151-66EA2ADB5D07}.AppStore|iPhone.Build.0 = AppStore|iPhone
		{C5C154CB-929F-4EBA-9151-66EA2ADB5D07}.AppStore|iPhoneSimulator.ActiveCfg = AppStore|iPhoneSimulator
		{C5C154CB-929F-4EBA-9151-66EA2ADB5D07}.AppStore|iPhoneSimulator.Build.0 = AppStore|iPhoneSimulator
		{C5C154CB-929F-4EBA-9151-66EA2ADB5D07}.AppStore|x64.ActiveCfg = AppStore|iPhone
		{C5C154CB-929F-4EBA-9151-66EA2ADB5D07}.AppStore|x86.ActiveCfg = AppStore|iPhone
		{C5C154CB-929F-4EBA-9151-66EA2ADB5D07}.Debug|Any CPU.ActiveCfg = Debug|iPhone
		{C5C154CB-929F-4EBA-9151-66EA2ADB5D07}.Debug|ARM.ActiveCfg = Debug|iPhone
		{C5C154CB-929F-4EBA-9151-66EA2ADB5D07}.Debug|iPhone.ActiveCfg = Debug|iPhone
		{C5C154CB-929F-4EBA-9151-66EA2ADB5D07}.Debug|iPhone.Build.0 = Debug|iPhone
		{C5C154CB-929F-4EBA-9151-66EA2ADB5D07}.Debug|iPhoneSimulator.ActiveCfg = Debug|iPhoneSimulator
		{C5C154CB-929F-4EBA-9151-66EA2ADB5D07}.Debug|iPhoneSimulator.Build.0 = Debug|iPhoneSimulator
		{C5C154CB-929F-4EBA-9151-66EA2ADB5D07}.Debug|x64.ActiveCfg = Debug|iPhone
		{C5C154CB-929F-4EBA-9151-66EA2ADB5D07}.Debug|x86.ActiveCfg = Debug|iPhone
		{C5C154CB-929F-4EBA-9151-66EA2ADB5D07}.Release|Any CPU.ActiveCfg = Release|iPhone
		{C5C154CB-929F-4EBA-9151-66EA2ADB5D07}.Release|ARM.ActiveCfg = Release|iPhone
		{C5C154CB-929F-4EBA-9151-66EA2ADB5D07}.Release|iPhone.ActiveCfg = Release|iPhone
		{C5C154CB-929F-4EBA-9151-66EA2ADB5D07}.Release|iPhone.Build.0 = Release|iPhone
		{C5C154CB-929F-4EBA-9151-66EA2ADB5D07}.Release|iPhoneSimulator.ActiveCfg = Release|iPhoneSimulator
		{C5C154CB-929F-4EBA-9151-66EA2ADB5D07}.Release|iPhoneSimulator.Build.0 = Release|iPhoneSimulator
		{C5C154CB-929F-4EBA-9151-66EA2ADB5D07}.Release|x64.ActiveCfg = Release|iPhone
		{C5C154CB-929F-4EBA-9151-66EA2ADB5D07}.Release|x86.ActiveCfg = Release|iPhone
	EndGlobalSection
	GlobalSection(SolutionProperties) = preSolution
		HideSolutionNode = FALSE
	EndGlobalSection
EndGlobal
